
Microsoft Visual Studio Solution File, Format Version 12.00
# Visual Studio Version 17
VisualStudioVersion = 17.14.36511.14 d17.14
MinimumVisualStudioVersion = 10.0.40219.1
Project("{FAE04EC0-301F-11D3-BF4B-00C04F79EFBC}") = "BlazorStudy", "BlazorStudy.csproj", "{02EFAAB5-CD6C-4662-BB95-C35D1E217AFB}"
EndProject
Global
	GlobalSection(SolutionConfigurationPlatforms) = preSolution
		Debug|Any CPU = Debug|Any CPU
		Release|Any CPU = Release|Any CPU
	EndGlobalSection
	GlobalSection(ProjectConfigurationPlatforms) = postSolution
		{02EFAAB5-CD6C-4662-BB95-C35D1E217AFB}.Debug|Any CPU.ActiveCfg = Debug|Any CPU
		{02EFAAB5-CD6C-4662-BB95-C35D1E217AFB}.Debug|Any CPU.Build.0 = Debug|Any CPU
		{02EFAAB5-CD6C-4662-BB95-C35D1E217AFB}.Release|Any CPU.ActiveCfg = Release|Any CPU
		{02EFAAB5-CD6C-4662-BB95-C35D1E217AFB}.Release|Any CPU.Build.0 = Release|Any CPU
	EndGlobalSection
	GlobalSection(SolutionProperties) = preSolution
		HideSolutionNode = FALSE
	EndGlobalSection
	GlobalSection(ExtensibilityGlobals) = postSolution
		SolutionGuid = {2012F9D2-E09C-4F28-8CD1-CF0097E0614C}
	EndGlobalSection
EndGlobal
